{
  "originHash" : "5293e4f122bcdc2ccf1e390e5465297d4e1b1799377d13a8d27c0bbf614659fb",
  "pins" : [
    {
      "identity" : "highlightswift",
      "kind" : "remoteSourceControl",
      "location" : "https://github.com/appstefan/HighlightSwift",
      "state" : {
        "revision" : "784ca3ccfc8a2cf724fbb2f06cb6ec3329424da3",
        "version" : "1.1.0"
      }
    },
    {
      "identity" : "lottie-ios",
      "kind" : "remoteSourceControl",
      "location" : "https://github.com/airbnb/lottie-ios",
      "state" : {
        "revision" : "0cb03fd7564d27345bcd96144b811e56212949c6",
        "version" : "4.6.0"
      }
    },
    {
      "identity" : "pow",
      "kind" : "remoteSourceControl",
      "location" : "https://github.com/EmergeTools/Pow",
      "state" : {
        "revision" : "1b4b1dda28c50b95f0872927ee2226fe8b58950e",
        "version" : "1.0.6"
      }
    },
    {
      "identity" : "vortex",
      "kind" : "remoteSourceControl",
      "location" : "https://github.com/twostraws/Vortex",
      "state" : {
        "revision" : "9d9d9016ceace579455f01f8e0bd59facae7d252",
        "version" : "1.0.4"
      }
    }
  ],
  "version" : 3
}
